{
    "name": "codbex-hestia",
    "version": "0.1.0",
    "lockfileVersion": 3,
    "requires": true,
    "packages": {
        "": {
            "dependencies": {
                "@codbex/codbex-cities": "0.1.1",
                "@codbex/codbex-countries": "0.1.0",
                "@codbex/codbex-countries-data": "0.1.0"
            }
        },
        "node_modules/@codbex/codbex-cities": {
            "version": "0.1.1",
            "resolved": "https://npm.pkg.github.com/download/@codbex/codbex-cities/0.1.1/b0bd13d748e807c244c2499f613d00ccfb23d67f",
            "integrity": "sha512-+rZQaYXWIHXFcDcQZ5byUg6Flr9orTIa6d1sijhWW296Ic2hjbbT6s5fP1POq6TmlNVTDhjOfjehROIc+5wcCA==",
            "dependencies": {
                "@codbex/codbex-countries": "0.1.0",
                "@codbex/codbex-countries-data": "0.1.0"
            }
        },
        "node_modules/@codbex/codbex-countries": {
            "version": "0.1.0",
            "resolved": "https://npm.pkg.github.com/download/@codbex/codbex-countries/0.1.0/a28e9fdaad55cb6f0f846eabd232d28f781de3a4",
            "integrity": "sha512-y8ENB/HLoG0nu/BLizgPp4Y2bnmirdXKJFwAZEAMCC3R0M3c6lZb8YP82STeYCWZVXgXXmNhvxzt6cSvefAzZA=="
        },
        "node_modules/@codbex/codbex-countries-data": {
            "version": "0.1.0",
            "resolved": "https://npm.pkg.github.com/download/@codbex/codbex-countries-data/0.1.0/9f861115da660729f831dee6b4b76621dad76148",
            "integrity": "sha512-XtCrPJ/hSI3MuBw7q+89THA03ZhuJ5eubWJM2ZE5lDYHjqSv4G9YShQO4IeOFRIHqHaZz9JcPSQtP/ZjuNssOg=="
        }
    }
}
